
Microsoft Visual Studio Solution File, Format Version 12.00
# Visual Studio 15
Project("{FAE04EC0-301F-11D3-BF4B-00C04F79EFBC}") = "Oculus.Platform", "Oculus.Platform.csproj", "{9CE45520-8C2E-AD32-9A43-065DE95000BE}"
EndProject
Project("{FAE04EC0-301F-11D3-BF4B-00C04F79EFBC}") = "Assembly-CSharp", "Assembly-CSharp.csproj", "{EDF152BF-9AEE-710C-4A86-63C92D1C416E}"
EndProject
Project("{FAE04EC0-301F-11D3-BF4B-00C04F79EFBC}") = "Meta.WitAi", "Meta.WitAi.csproj", "{A43FE11D-DBEA-223E-22CC-78C0B50FD294}"
EndProject
Project("{FAE04EC0-301F-11D3-BF4B-00C04F79EFBC}") = "PhotonVoice.API", "PhotonVoice.API.csproj", "{C69C9E83-A4CA-A637-7A59-597934E10029}"
EndProject
Project("{FAE04EC0-301F-11D3-BF4B-00C04F79EFBC}") = "Oculus.Interaction", "Oculus.Interaction.csproj", "{9D1312C2-C23E-24E8-CE3F-ED258F43197D}"
EndProject
Project("{FAE04EC0-301F-11D3-BF4B-00C04F79EFBC}") = "PhotonVoice", "PhotonVoice.csproj", "{1D899424-F2EF-4053-458D-6B678989E921}"
EndProject
Project("{FAE04EC0-301F-11D3-BF4B-00C04F79EFBC}") = "Oculus.VR", "Oculus.VR.csproj", "{93636545-AB32-B39D-6E9E-DAC25371FE58}"
EndProject
Project("{FAE04EC0-301F-11D3-BF4B-00C04F79EFBC}") = "PhotonUnityNetworking.Demos", "PhotonUnityNetworking.Demos.csproj", "{511B0976-ED7B-1E1D-B90D-F0755D3F5F42}"
EndProject
Project("{FAE04EC0-301F-11D3-BF4B-00C04F79EFBC}") = "VoiceSDK.Dictation.Runtime", "VoiceSDK.Dictation.Runtime.csproj", "{F4B717B0-7E4F-34AD-C220-41B26B1DB4DF}"
EndProject
Project("{FAE04EC0-301F-11D3-BF4B-00C04F79EFBC}") = "Meta.WitAi.Lib", "Meta.WitAi.Lib.csproj", "{3AC87EC3-3B48-2DA4-8D25-94B76D77137B}"
EndProject
Project("{FAE04EC0-301F-11D3-BF4B-00C04F79EFBC}") = "PhotonRealtime", "PhotonRealtime.csproj", "{A434E2AA-3A5F-A0A9-16E9-4C783A7F1FEF}"
EndProject
Project("{FAE04EC0-301F-11D3-BF4B-00C04F79EFBC}") = "PhotonUnityNetworking", "PhotonUnityNetworking.csproj", "{AADECD0D-F8F8-69F6-2727-A614E52944ED}"
EndProject
Project("{FAE04EC0-301F-11D3-BF4B-00C04F79EFBC}") = "VoiceSDK.Runtime", "VoiceSDK.Runtime.csproj", "{E666F3C6-EA77-2A58-3276-50794C783FA3}"
EndProject
Project("{FAE04EC0-301F-11D3-BF4B-00C04F79EFBC}") = "PhotonUnityNetworking.Utilities", "PhotonUnityNetworking.Utilities.csproj", "{6A360945-15EB-0106-52B3-0A56927B1D62}"
EndProject
Project("{FAE04EC0-301F-11D3-BF4B-00C04F79EFBC}") = "Oculus.Interaction.OVR.Samples", "Oculus.Interaction.OVR.Samples.csproj", "{46551074-E6FC-143D-05EF-DA98FA14CAEB}"
EndProject
Project("{FAE04EC0-301F-11D3-BF4B-00C04F79EFBC}") = "Meta.WitAi.TTS.Samples", "Meta.WitAi.TTS.Samples.csproj", "{4DE96B7B-B00B-A59D-64A5-109B2D18318A}"
EndProject
Project("{FAE04EC0-301F-11D3-BF4B-00C04F79EFBC}") = "Oculus.Voice.Demo", "Oculus.Voice.Demo.csproj", "{B902FD05-9311-B535-42D5-29D2709820C8}"
EndProject
Project("{FAE04EC0-301F-11D3-BF4B-00C04F79EFBC}") = "Oculus.Interaction.OVR", "Oculus.Interaction.OVR.csproj", "{F2E70598-F07F-7CB7-1D83-3389A0283716}"
EndProject
Project("{FAE04EC0-301F-11D3-BF4B-00C04F79EFBC}") = "AssistantCoreSDKRuntime", "AssistantCoreSDKRuntime.csproj", "{C82A71E1-D9B2-FDE9-D5E5-A50B6112BA96}"
EndProject
Project("{FAE04EC0-301F-11D3-BF4B-00C04F79EFBC}") = "Meta.WitAi.Conduit", "Meta.WitAi.Conduit.csproj", "{2A72ECBA-A2E0-96E3-2541-E759615C497F}"
EndProject
Project("{FAE04EC0-301F-11D3-BF4B-00C04F79EFBC}") = "Oculus.AudioManager", "Oculus.AudioManager.csproj", "{EDF8052A-BB1A-AB84-678B-5BD205DC9991}"
EndProject
Project("{FAE04EC0-301F-11D3-BF4B-00C04F79EFBC}") = "Oculus.LipSync", "Oculus.LipSync.csproj", "{9F268D59-5B52-9CA2-B29B-84C3983DCA33}"
EndProject
Project("{FAE04EC0-301F-11D3-BF4B-00C04F79EFBC}") = "PhotonChat", "PhotonChat.csproj", "{7A3572A2-C572-665E-B6F4-DC12E694F211}"
EndProject
Project("{FAE04EC0-301F-11D3-BF4B-00C04F79EFBC}") = "Oculus.Spatializer", "Oculus.Spatializer.csproj", "{E54BF99A-6E85-6FC1-DD6B-D883D46182FB}"
EndProject
Project("{FAE04EC0-301F-11D3-BF4B-00C04F79EFBC}") = "Meta.VoiceSDK.Mic.Other", "Meta.VoiceSDK.Mic.Other.csproj", "{D916F1C1-2FD5-866D-9239-96394463249E}"
EndProject
Project("{FAE04EC0-301F-11D3-BF4B-00C04F79EFBC}") = "Meta.VoiceSDK.Mic.WebGL", "Meta.VoiceSDK.Mic.WebGL.csproj", "{7DD3D004-E27A-5321-CF01-A4A6C021CB0E}"
EndProject
Project("{FAE04EC0-301F-11D3-BF4B-00C04F79EFBC}") = "Meta.VoiceSDK.Mic.Common", "Meta.VoiceSDK.Mic.Common.csproj", "{C05FC58E-C754-6A59-7A06-3FD7994A52CB}"
EndProject
Project("{FAE04EC0-301F-11D3-BF4B-00C04F79EFBC}") = "Facebook.Wit.Dictation", "Facebook.Wit.Dictation.csproj", "{3B5C426D-E01B-BCB8-7AB9-FBF21AEBC289}"
EndProject
Project("{FAE04EC0-301F-11D3-BF4B-00C04F79EFBC}") = "Meta.WitAi.TTS", "Meta.WitAi.TTS.csproj", "{E952553B-E846-AB1F-81E4-EB88515DA700}"
EndProject
Project("{FAE04EC0-301F-11D3-BF4B-00C04F79EFBC}") = "PhotonVoice.PUN", "PhotonVoice.PUN.csproj", "{5B4A7F72-7373-6A99-C99D-6FD2052B1F52}"
EndProject
Project("{FAE04EC0-301F-11D3-BF4B-00C04F79EFBC}") = "Assembly-CSharp-firstpass", "Assembly-CSharp-firstpass.csproj", "{2B8DD4CD-8F3B-ED85-A9FA-38FE8D07DA08}"
EndProject
Project("{FAE04EC0-301F-11D3-BF4B-00C04F79EFBC}") = "Meta.WitAi.Editor", "Meta.WitAi.Editor.csproj", "{428D1878-5705-1174-11F8-E3175391D203}"
EndProject
Project("{FAE04EC0-301F-11D3-BF4B-00C04F79EFBC}") = "PhotonUnityNetworking.Editor", "PhotonUnityNetworking.Editor.csproj", "{6D303B94-CDF3-904C-2803-6B1B68E5F591}"
EndProject
Project("{FAE04EC0-301F-11D3-BF4B-00C04F79EFBC}") = "Meta.WitAI.Lib.Editor", "Meta.WitAI.Lib.Editor.csproj", "{696008F7-225D-066F-FADB-18EB074F217B}"
EndProject
Project("{FAE04EC0-301F-11D3-BF4B-00C04F79EFBC}") = "Oculus.VR.Editor", "Oculus.VR.Editor.csproj", "{7F410C01-C972-0383-158C-E68A8880E0DA}"
EndProject
Project("{FAE04EC0-301F-11D3-BF4B-00C04F79EFBC}") = "Meta.WitAi.Conduit.Editor", "Meta.WitAi.Conduit.Editor.csproj", "{369B68CC-C5CE-A699-6CC7-ED11087831D5}"
EndProject
Project("{FAE04EC0-301F-11D3-BF4B-00C04F79EFBC}") = "Oculus.Interaction.Editor", "Oculus.Interaction.Editor.csproj", "{97DEC961-53BA-AF2E-31FC-93DE0D831498}"
EndProject
Project("{FAE04EC0-301F-11D3-BF4B-00C04F79EFBC}") = "Oculus.Interaction.OVR.Editor", "Oculus.Interaction.OVR.Editor.csproj", "{B2378A7A-C974-3C45-F91E-7AEC768460E0}"
EndProject
Project("{FAE04EC0-301F-11D3-BF4B-00C04F79EFBC}") = "Assembly-CSharp-Editor", "Assembly-CSharp-Editor.csproj", "{0F36F635-4B3E-45E7-B09C-4B7386121E63}"
EndProject
Project("{FAE04EC0-301F-11D3-BF4B-00C04F79EFBC}") = "Oculus.VR.Scripts.Editor", "Oculus.VR.Scripts.Editor.csproj", "{46D221C6-7E64-E62C-C409-95D9CB0BF783}"
EndProject
Project("{FAE04EC0-301F-11D3-BF4B-00C04F79EFBC}") = "Oculus.Spatializer.Editor", "Oculus.Spatializer.Editor.csproj", "{67B69819-FB6B-870F-6ACD-3BE9DF89F647}"
EndProject
Project("{FAE04EC0-301F-11D3-BF4B-00C04F79EFBC}") = "Meta.WitAi.TTS.Editor", "Meta.WitAi.TTS.Editor.csproj", "{6DF8A4D3-9CC6-F343-A530-2FE2B20786E2}"
EndProject
Project("{FAE04EC0-301F-11D3-BF4B-00C04F79EFBC}") = "PhotonUnityNetworking.Utilities.PhotonPlayer.Editor", "PhotonUnityNetworking.Utilities.PhotonPlayer.Editor.csproj", "{85DD5B7E-4BAC-0A61-7B4E-E5E0CC4DFFE5}"
EndProject
Project("{FAE04EC0-301F-11D3-BF4B-00C04F79EFBC}") = "VoiceSDK.Dictation.Editor", "VoiceSDK.Dictation.Editor.csproj", "{3E45A784-3255-BA9E-0732-EE495DEE120C}"
EndProject
Project("{FAE04EC0-301F-11D3-BF4B-00C04F79EFBC}") = "Oculus.Platform.Editor", "Oculus.Platform.Editor.csproj", "{6BD55DA3-A017-4ABA-EDBB-249FF3B6658A}"
EndProject
Project("{FAE04EC0-301F-11D3-BF4B-00C04F79EFBC}") = "VoiceSDK.Editor", "VoiceSDK.Editor.csproj", "{BCFAF5F2-5350-561B-52E6-9D457F53C22A}"
EndProject
Project("{FAE04EC0-301F-11D3-BF4B-00C04F79EFBC}") = "Oculus.AudioManager.Audio.Editor", "Oculus.AudioManager.Audio.Editor.csproj", "{233C943E-3B40-C7D5-CC6C-E4DFF8206D82}"
EndProject
Project("{FAE04EC0-301F-11D3-BF4B-00C04F79EFBC}") = "PhotonVoice.Editor", "PhotonVoice.Editor.csproj", "{3626F6C2-793E-EF83-C191-B7FD5A373D35}"
EndProject
Project("{FAE04EC0-301F-11D3-BF4B-00C04F79EFBC}") = "Oculus.LipSync.Editor", "Oculus.LipSync.Editor.csproj", "{3DB65200-A604-0578-65E1-62E8114CFB46}"
EndProject
Project("{FAE04EC0-301F-11D3-BF4B-00C04F79EFBC}") = "Oculus.AudioManager.Utils.Editor", "Oculus.AudioManager.Utils.Editor.csproj", "{8D5DBE1C-EB25-3140-9E4E-2E5CA69C5412}"
EndProject
Project("{FAE04EC0-301F-11D3-BF4B-00C04F79EFBC}") = "PhotonVoice.PUN.Editor", "PhotonVoice.PUN.Editor.csproj", "{7C2B8C87-224C-5269-415C-ABC667E34671}"
EndProject
Project("{FAE04EC0-301F-11D3-BF4B-00C04F79EFBC}") = "Oculus.Interaction.Samples.Editor", "Oculus.Interaction.Samples.Editor.csproj", "{4C9B67E8-88E0-408E-D977-2BE069CA2583}"
EndProject
Project("{FAE04EC0-301F-11D3-BF4B-00C04F79EFBC}") = "Facebook.Wit.Dictation.Editor", "Facebook.Wit.Dictation.Editor.csproj", "{94773ED7-761B-785F-4F4E-575691ED037D}"
EndProject
Project("{FAE04EC0-301F-11D3-BF4B-00C04F79EFBC}") = "PunDemos.DemoSlotcarEditor", "PunDemos.DemoSlotcarEditor.csproj", "{018B9D88-9FE5-E9DE-E648-063FF6E8976B}"
EndProject
Project("{FAE04EC0-301F-11D3-BF4B-00C04F79EFBC}") = "Oculus.Interaction.InterfaceSupport", "Oculus.Interaction.InterfaceSupport.csproj", "{DE47E1D6-B6AA-6844-0EEE-2EEE1BB89CF4}"
EndProject
Project("{FAE04EC0-301F-11D3-BF4B-00C04F79EFBC}") = "PhotonUnityNetworking.Utilities.Culling.Editor", "PhotonUnityNetworking.Utilities.Culling.Editor.csproj", "{A3D77861-4362-E9F0-C150-9D5B2F5B01B4}"
EndProject
Project("{FAE04EC0-301F-11D3-BF4B-00C04F79EFBC}") = "PunDemos.DemoHubEditor", "PunDemos.DemoHubEditor.csproj", "{DEB6E5B1-0F60-C12F-7BCC-2E550F670B47}"
EndProject
Project("{FAE04EC0-301F-11D3-BF4B-00C04F79EFBC}") = "PhotonVoice.Utilities.Editor", "PhotonVoice.Utilities.Editor.csproj", "{D1405357-FAD1-4B2A-639E-7EA2F3C12164}"
EndProject
Project("{FAE04EC0-301F-11D3-BF4B-00C04F79EFBC}") = "AssistantCoreSDKEditor", "AssistantCoreSDKEditor.csproj", "{56E1B341-DEC9-91CC-D859-46CE6B61C45C}"
EndProject
Project("{FAE04EC0-301F-11D3-BF4B-00C04F79EFBC}") = "MicAmplifierEditor.Editor", "MicAmplifierEditor.Editor.csproj", "{F110FBE6-476E-439C-8970-76842801DC04}"
EndProject
Global
	GlobalSection(SolutionConfigurationPlatforms) = preSolution
		Debug|Any CPU = Debug|Any CPU
		Release|Any CPU = Release|Any CPU
	EndGlobalSection
	GlobalSection(ProjectConfigurationPlatforms) = postSolution
		{9CE45520-8C2E-AD32-9A43-065DE95000BE}.Debug|Any CPU.ActiveCfg = Debug|Any CPU
		{9CE45520-8C2E-AD32-9A43-065DE95000BE}.Debug|Any CPU.Build.0 = Debug|Any CPU
		{9CE45520-8C2E-AD32-9A43-065DE95000BE}.Release|Any CPU.ActiveCfg = Release|Any CPU
		{9CE45520-8C2E-AD32-9A43-065DE95000BE}.Release|Any CPU.Build.0 = Release|Any CPU
		{EDF152BF-9AEE-710C-4A86-63C92D1C416E}.Debug|Any CPU.ActiveCfg = Debug|Any CPU
		{EDF152BF-9AEE-710C-4A86-63C92D1C416E}.Debug|Any CPU.Build.0 = Debug|Any CPU
		{EDF152BF-9AEE-710C-4A86-63C92D1C416E}.Release|Any CPU.ActiveCfg = Release|Any CPU
		{EDF152BF-9AEE-710C-4A86-63C92D1C416E}.Release|Any CPU.Build.0 = Release|Any CPU
		{A43FE11D-DBEA-223E-22CC-78C0B50FD294}.Debug|Any CPU.ActiveCfg = Debug|Any CPU
		{A43FE11D-DBEA-223E-22CC-78C0B50FD294}.Debug|Any CPU.Build.0 = Debug|Any CPU
		{A43FE11D-DBEA-223E-22CC-78C0B50FD294}.Release|Any CPU.ActiveCfg = Release|Any CPU
		{A43FE11D-DBEA-223E-22CC-78C0B50FD294}.Release|Any CPU.Build.0 = Release|Any CPU
		{C69C9E83-A4CA-A637-7A59-597934E10029}.Debug|Any CPU.ActiveCfg = Debug|Any CPU
		{C69C9E83-A4CA-A637-7A59-597934E10029}.Debug|Any CPU.Build.0 = Debug|Any CPU
		{C69C9E83-A4CA-A637-7A59-597934E10029}.Release|Any CPU.ActiveCfg = Release|Any CPU
		{C69C9E83-A4CA-A637-7A59-597934E10029}.Release|Any CPU.Build.0 = Release|Any CPU
		{9D1312C2-C23E-24E8-CE3F-ED258F43197D}.Debug|Any CPU.ActiveCfg = Debug|Any CPU
		{9D1312C2-C23E-24E8-CE3F-ED258F43197D}.Debug|Any CPU.Build.0 = Debug|Any CPU
		{9D1312C2-C23E-24E8-CE3F-ED258F43197D}.Release|Any CPU.ActiveCfg = Release|Any CPU
		{9D1312C2-C23E-24E8-CE3F-ED258F43197D}.Release|Any CPU.Build.0 = Release|Any CPU
		{1D899424-F2EF-4053-458D-6B678989E921}.Debug|Any CPU.ActiveCfg = Debug|Any CPU
		{1D899424-F2EF-4053-458D-6B678989E921}.Debug|Any CPU.Build.0 = Debug|Any CPU
		{1D899424-F2EF-4053-458D-6B678989E921}.Release|Any CPU.ActiveCfg = Release|Any CPU
		{1D899424-F2EF-4053-458D-6B678989E921}.Release|Any CPU.Build.0 = Release|Any CPU
		{93636545-AB32-B39D-6E9E-DAC25371FE58}.Debug|Any CPU.ActiveCfg = Debug|Any CPU
		{93636545-AB32-B39D-6E9E-DAC25371FE58}.Debug|Any CPU.Build.0 = Debug|Any CPU
		{93636545-AB32-B39D-6E9E-DAC25371FE58}.Release|Any CPU.ActiveCfg = Release|Any CPU
		{93636545-AB32-B39D-6E9E-DAC25371FE58}.Release|Any CPU.Build.0 = Release|Any CPU
		{511B0976-ED7B-1E1D-B90D-F0755D3F5F42}.Debug|Any CPU.ActiveCfg = Debug|Any CPU
		{511B0976-ED7B-1E1D-B90D-F0755D3F5F42}.Debug|Any CPU.Build.0 = Debug|Any CPU
		{511B0976-ED7B-1E1D-B90D-F0755D3F5F42}.Release|Any CPU.ActiveCfg = Release|Any CPU
		{511B0976-ED7B-1E1D-B90D-F0755D3F5F42}.Release|Any CPU.Build.0 = Release|Any CPU
		{F4B717B0-7E4F-34AD-C220-41B26B1DB4DF}.Debug|Any CPU.ActiveCfg = Debug|Any CPU
		{F4B717B0-7E4F-34AD-C220-41B26B1DB4DF}.Debug|Any CPU.Build.0 = Debug|Any CPU
		{F4B717B0-7E4F-34AD-C220-41B26B1DB4DF}.Release|Any CPU.ActiveCfg = Release|Any CPU
		{F4B717B0-7E4F-34AD-C220-41B26B1DB4DF}.Release|Any CPU.Build.0 = Release|Any CPU
		{3AC87EC3-3B48-2DA4-8D25-94B76D77137B}.Debug|Any CPU.ActiveCfg = Debug|Any CPU
		{3AC87EC3-3B48-2DA4-8D25-94B76D77137B}.Debug|Any CPU.Build.0 = Debug|Any CPU
		{3AC87EC3-3B48-2DA4-8D25-94B76D77137B}.Release|Any CPU.ActiveCfg = Release|Any CPU
		{3AC87EC3-3B48-2DA4-8D25-94B76D77137B}.Release|Any CPU.Build.0 = Release|Any CPU
		{A434E2AA-3A5F-A0A9-16E9-4C783A7F1FEF}.Debug|Any CPU.ActiveCfg = Debug|Any CPU
		{A434E2AA-3A5F-A0A9-16E9-4C783A7F1FEF}.Debug|Any CPU.Build.0 = Debug|Any CPU
		{A434E2AA-3A5F-A0A9-16E9-4C783A7F1FEF}.Release|Any CPU.ActiveCfg = Release|Any CPU
		{A434E2AA-3A5F-A0A9-16E9-4C783A7F1FEF}.Release|Any CPU.Build.0 = Release|Any CPU
		{AADECD0D-F8F8-69F6-2727-A614E52944ED}.Debug|Any CPU.ActiveCfg = Debug|Any CPU
		{AADECD0D-F8F8-69F6-2727-A614E52944ED}.Debug|Any CPU.Build.0 = Debug|Any CPU
		{AADECD0D-F8F8-69F6-2727-A614E52944ED}.Release|Any CPU.ActiveCfg = Release|Any CPU
		{AADECD0D-F8F8-69F6-2727-A614E52944ED}.Release|Any CPU.Build.0 = Release|Any CPU
		{E666F3C6-EA77-2A58-3276-50794C783FA3}.Debug|Any CPU.ActiveCfg = Debug|Any CPU
		{E666F3C6-EA77-2A58-3276-50794C783FA3}.Debug|Any CPU.Build.0 = Debug|Any CPU
		{E666F3C6-EA77-2A58-3276-50794C783FA3}.Release|Any CPU.ActiveCfg = Release|Any CPU
		{E666F3C6-EA77-2A58-3276-50794C783FA3}.Release|Any CPU.Build.0 = Release|Any CPU
		{6A360945-15EB-0106-52B3-0A56927B1D62}.Debug|Any CPU.ActiveCfg = Debug|Any CPU
		{6A360945-15EB-0106-52B3-0A56927B1D62}.Debug|Any CPU.Build.0 = Debug|Any CPU
		{6A360945-15EB-0106-52B3-0A56927B1D62}.Release|Any CPU.ActiveCfg = Release|Any CPU
		{6A360945-15EB-0106-52B3-0A56927B1D62}.Release|Any CPU.Build.0 = Release|Any CPU
		{46551074-E6FC-143D-05EF-DA98FA14CAEB}.Debug|Any CPU.ActiveCfg = Debug|Any CPU
		{46551074-E6FC-143D-05EF-DA98FA14CAEB}.Debug|Any CPU.Build.0 = Debug|Any CPU
		{46551074-E6FC-143D-05EF-DA98FA14CAEB}.Release|Any CPU.ActiveCfg = Release|Any CPU
		{46551074-E6FC-143D-05EF-DA98FA14CAEB}.Release|Any CPU.Build.0 = Release|Any CPU
		{4DE96B7B-B00B-A59D-64A5-109B2D18318A}.Debug|Any CPU.ActiveCfg = Debug|Any CPU
		{4DE96B7B-B00B-A59D-64A5-109B2D18318A}.Debug|Any CPU.Build.0 = Debug|Any CPU
		{4DE96B7B-B00B-A59D-64A5-109B2D18318A}.Release|Any CPU.ActiveCfg = Release|Any CPU
		{4DE96B7B-B00B-A59D-64A5-109B2D18318A}.Release|Any CPU.Build.0 = Release|Any CPU
		{B902FD05-9311-B535-42D5-29D2709820C8}.Debug|Any CPU.ActiveCfg = Debug|Any CPU
		{B902FD05-9311-B535-42D5-29D2709820C8}.Debug|Any CPU.Build.0 = Debug|Any CPU
		{B902FD05-9311-B535-42D5-29D2709820C8}.Release|Any CPU.ActiveCfg = Release|Any CPU
		{B902FD05-9311-B535-42D5-29D2709820C8}.Release|Any CPU.Build.0 = Release|Any CPU
		{F2E70598-F07F-7CB7-1D83-3389A0283716}.Debug|Any CPU.ActiveCfg = Debug|Any CPU
		{F2E70598-F07F-7CB7-1D83-3389A0283716}.Debug|Any CPU.Build.0 = Debug|Any CPU
		{F2E70598-F07F-7CB7-1D83-3389A0283716}.Release|Any CPU.ActiveCfg = Release|Any CPU
		{F2E70598-F07F-7CB7-1D83-3389A0283716}.Release|Any CPU.Build.0 = Release|Any CPU
		{C82A71E1-D9B2-FDE9-D5E5-A50B6112BA96}.Debug|Any CPU.ActiveCfg = Debug|Any CPU
		{C82A71E1-D9B2-FDE9-D5E5-A50B6112BA96}.Debug|Any CPU.Build.0 = Debug|Any CPU
		{C82A71E1-D9B2-FDE9-D5E5-A50B6112BA96}.Release|Any CPU.ActiveCfg = Release|Any CPU
		{C82A71E1-D9B2-FDE9-D5E5-A50B6112BA96}.Release|Any CPU.Build.0 = Release|Any CPU
		{2A72ECBA-A2E0-96E3-2541-E759615C497F}.Debug|Any CPU.ActiveCfg = Debug|Any CPU
		{2A72ECBA-A2E0-96E3-2541-E759615C497F}.Debug|Any CPU.Build.0 = Debug|Any CPU
		{2A72ECBA-A2E0-96E3-2541-E759615C497F}.Release|Any CPU.ActiveCfg = Release|Any CPU
		{2A72ECBA-A2E0-96E3-2541-E759615C497F}.Release|Any CPU.Build.0 = Release|Any CPU
		{EDF8052A-BB1A-AB84-678B-5BD205DC9991}.Debug|Any CPU.ActiveCfg = Debug|Any CPU
		{EDF8052A-BB1A-AB84-678B-5BD205DC9991}.Debug|Any CPU.Build.0 = Debug|Any CPU
		{EDF8052A-BB1A-AB84-678B-5BD205DC9991}.Release|Any CPU.ActiveCfg = Release|Any CPU
		{EDF8052A-BB1A-AB84-678B-5BD205DC9991}.Release|Any CPU.Build.0 = Release|Any CPU
		{9F268D59-5B52-9CA2-B29B-84C3983DCA33}.Debug|Any CPU.ActiveCfg = Debug|Any CPU
		{9F268D59-5B52-9CA2-B29B-84C3983DCA33}.Debug|Any CPU.Build.0 = Debug|Any CPU
		{9F268D59-5B52-9CA2-B29B-84C3983DCA33}.Release|Any CPU.ActiveCfg = Release|Any CPU
		{9F268D59-5B52-9CA2-B29B-84C3983DCA33}.Release|Any CPU.Build.0 = Release|Any CPU
		{7A3572A2-C572-665E-B6F4-DC12E694F211}.Debug|Any CPU.ActiveCfg = Debug|Any CPU
		{7A3572A2-C572-665E-B6F4-DC12E694F211}.Debug|Any CPU.Build.0 = Debug|Any CPU
		{7A3572A2-C572-665E-B6F4-DC12E694F211}.Release|Any CPU.ActiveCfg = Release|Any CPU
		{7A3572A2-C572-665E-B6F4-DC12E694F211}.Release|Any CPU.Build.0 = Release|Any CPU
		{E54BF99A-6E85-6FC1-DD6B-D883D46182FB}.Debug|Any CPU.ActiveCfg = Debug|Any CPU
		{E54BF99A-6E85-6FC1-DD6B-D883D46182FB}.Debug|Any CPU.Build.0 = Debug|Any CPU
		{E54BF99A-6E85-6FC1-DD6B-D883D46182FB}.Release|Any CPU.ActiveCfg = Release|Any CPU
		{E54BF99A-6E85-6FC1-DD6B-D883D46182FB}.Release|Any CPU.Build.0 = Release|Any CPU
		{D916F1C1-2FD5-866D-9239-96394463249E}.Debug|Any CPU.ActiveCfg = Debug|Any CPU
		{D916F1C1-2FD5-866D-9239-96394463249E}.Debug|Any CPU.Build.0 = Debug|Any CPU
		{D916F1C1-2FD5-866D-9239-96394463249E}.Release|Any CPU.ActiveCfg = Release|Any CPU
		{D916F1C1-2FD5-866D-9239-96394463249E}.Release|Any CPU.Build.0 = Release|Any CPU
		{7DD3D004-E27A-5321-CF01-A4A6C021CB0E}.Debug|Any CPU.ActiveCfg = Debug|Any CPU
		{7DD3D004-E27A-5321-CF01-A4A6C021CB0E}.Debug|Any CPU.Build.0 = Debug|Any CPU
		{7DD3D004-E27A-5321-CF01-A4A6C021CB0E}.Release|Any CPU.ActiveCfg = Release|Any CPU
		{7DD3D004-E27A-5321-CF01-A4A6C021CB0E}.Release|Any CPU.Build.0 = Release|Any CPU
		{C05FC58E-C754-6A59-7A06-3FD7994A52CB}.Debug|Any CPU.ActiveCfg = Debug|Any CPU
		{C05FC58E-C754-6A59-7A06-3FD7994A52CB}.Debug|Any CPU.Build.0 = Debug|Any CPU
		{C05FC58E-C754-6A59-7A06-3FD7994A52CB}.Release|Any CPU.ActiveCfg = Release|Any CPU
		{C05FC58E-C754-6A59-7A06-3FD7994A52CB}.Release|Any CPU.Build.0 = Release|Any CPU
		{3B5C426D-E01B-BCB8-7AB9-FBF21AEBC289}.Debug|Any CPU.ActiveCfg = Debug|Any CPU
		{3B5C426D-E01B-BCB8-7AB9-FBF21AEBC289}.Debug|Any CPU.Build.0 = Debug|Any CPU
		{3B5C426D-E01B-BCB8-7AB9-FBF21AEBC289}.Release|Any CPU.ActiveCfg = Release|Any CPU
		{3B5C426D-E01B-BCB8-7AB9-FBF21AEBC289}.Release|Any CPU.Build.0 = Release|Any CPU
		{E952553B-E846-AB1F-81E4-EB88515DA700}.Debug|Any CPU.ActiveCfg = Debug|Any CPU
		{E952553B-E846-AB1F-81E4-EB88515DA700}.Debug|Any CPU.Build.0 = Debug|Any CPU
		{E952553B-E846-AB1F-81E4-EB88515DA700}.Release|Any CPU.ActiveCfg = Release|Any CPU
		{E952553B-E846-AB1F-81E4-EB88515DA700}.Release|Any CPU.Build.0 = Release|Any CPU
		{5B4A7F72-7373-6A99-C99D-6FD2052B1F52}.Debug|Any CPU.ActiveCfg = Debug|Any CPU
		{5B4A7F72-7373-6A99-C99D-6FD2052B1F52}.Debug|Any CPU.Build.0 = Debug|Any CPU
		{5B4A7F72-7373-6A99-C99D-6FD2052B1F52}.Release|Any CPU.ActiveCfg = Release|Any CPU
		{5B4A7F72-7373-6A99-C99D-6FD2052B1F52}.Release|Any CPU.Build.0 = Release|Any CPU
		{2B8DD4CD-8F3B-ED85-A9FA-38FE8D07DA08}.Debug|Any CPU.ActiveCfg = Debug|Any CPU
		{2B8DD4CD-8F3B-ED85-A9FA-38FE8D07DA08}.Debug|Any CPU.Build.0 = Debug|Any CPU
		{2B8DD4CD-8F3B-ED85-A9FA-38FE8D07DA08}.Release|Any CPU.ActiveCfg = Release|Any CPU
		{2B8DD4CD-8F3B-ED85-A9FA-38FE8D07DA08}.Release|Any CPU.Build.0 = Release|Any CPU
		{428D1878-5705-1174-11F8-E3175391D203}.Debug|Any CPU.ActiveCfg = Debug|Any CPU
		{428D1878-5705-1174-11F8-E3175391D203}.Debug|Any CPU.Build.0 = Debug|Any CPU
		{428D1878-5705-1174-11F8-E3175391D203}.Release|Any CPU.ActiveCfg = Release|Any CPU
		{428D1878-5705-1174-11F8-E3175391D203}.Release|Any CPU.Build.0 = Release|Any CPU
		{6D303B94-CDF3-904C-2803-6B1B68E5F591}.Debug|Any CPU.ActiveCfg = Debug|Any CPU
		{6D303B94-CDF3-904C-2803-6B1B68E5F591}.Debug|Any CPU.Build.0 = Debug|Any CPU
		{6D303B94-CDF3-904C-2803-6B1B68E5F591}.Release|Any CPU.ActiveCfg = Release|Any CPU
		{6D303B94-CDF3-904C-2803-6B1B68E5F591}.Release|Any CPU.Build.0 = Release|Any CPU
		{696008F7-225D-066F-FADB-18EB074F217B}.Debug|Any CPU.ActiveCfg = Debug|Any CPU
		{696008F7-225D-066F-FADB-18EB074F217B}.Debug|Any CPU.Build.0 = Debug|Any CPU
		{696008F7-225D-066F-FADB-18EB074F217B}.Release|Any CPU.ActiveCfg = Release|Any CPU
		{696008F7-225D-066F-FADB-18EB074F217B}.Release|Any CPU.Build.0 = Release|Any CPU
		{7F410C01-C972-0383-158C-E68A8880E0DA}.Debug|Any CPU.ActiveCfg = Debug|Any CPU
		{7F410C01-C972-0383-158C-E68A8880E0DA}.Debug|Any CPU.Build.0 = Debug|Any CPU
		{7F410C01-C972-0383-158C-E68A8880E0DA}.Release|Any CPU.ActiveCfg = Release|Any CPU
		{7F410C01-C972-0383-158C-E68A8880E0DA}.Release|Any CPU.Build.0 = Release|Any CPU
		{369B68CC-C5CE-A699-6CC7-ED11087831D5}.Debug|Any CPU.ActiveCfg = Debug|Any CPU
		{369B68CC-C5CE-A699-6CC7-ED11087831D5}.Debug|Any CPU.Build.0 = Debug|Any CPU
		{369B68CC-C5CE-A699-6CC7-ED11087831D5}.Release|Any CPU.ActiveCfg = Release|Any CPU
		{369B68CC-C5CE-A699-6CC7-ED11087831D5}.Release|Any CPU.Build.0 = Release|Any CPU
		{97DEC961-53BA-AF2E-31FC-93DE0D831498}.Debug|Any CPU.ActiveCfg = Debug|Any CPU
		{97DEC961-53BA-AF2E-31FC-93DE0D831498}.Debug|Any CPU.Build.0 = Debug|Any CPU
		{97DEC961-53BA-AF2E-31FC-93DE0D831498}.Release|Any CPU.ActiveCfg = Release|Any CPU
		{97DEC961-53BA-AF2E-31FC-93DE0D831498}.Release|Any CPU.Build.0 = Release|Any CPU
		{B2378A7A-C974-3C45-F91E-7AEC768460E0}.Debug|Any CPU.ActiveCfg = Debug|Any CPU
		{B2378A7A-C974-3C45-F91E-7AEC768460E0}.Debug|Any CPU.Build.0 = Debug|Any CPU
		{B2378A7A-C974-3C45-F91E-7AEC768460E0}.Release|Any CPU.ActiveCfg = Release|Any CPU
		{B2378A7A-C974-3C45-F91E-7AEC768460E0}.Release|Any CPU.Build.0 = Release|Any CPU
		{0F36F635-4B3E-45E7-B09C-4B7386121E63}.Debug|Any CPU.ActiveCfg = Debug|Any CPU
		{0F36F635-4B3E-45E7-B09C-4B7386121E63}.Debug|Any CPU.Build.0 = Debug|Any CPU
		{0F36F635-4B3E-45E7-B09C-4B7386121E63}.Release|Any CPU.ActiveCfg = Release|Any CPU
		{0F36F635-4B3E-45E7-B09C-4B7386121E63}.Release|Any CPU.Build.0 = Release|Any CPU
		{46D221C6-7E64-E62C-C409-95D9CB0BF783}.Debug|Any CPU.ActiveCfg = Debug|Any CPU
		{46D221C6-7E64-E62C-C409-95D9CB0BF783}.Debug|Any CPU.Build.0 = Debug|Any CPU
		{46D221C6-7E64-E62C-C409-95D9CB0BF783}.Release|Any CPU.ActiveCfg = Release|Any CPU
		{46D221C6-7E64-E62C-C409-95D9CB0BF783}.Release|Any CPU.Build.0 = Release|Any CPU
		{67B69819-FB6B-870F-6ACD-3BE9DF89F647}.Debug|Any CPU.ActiveCfg = Debug|Any CPU
		{67B69819-FB6B-870F-6ACD-3BE9DF89F647}.Debug|Any CPU.Build.0 = Debug|Any CPU
		{67B69819-FB6B-870F-6ACD-3BE9DF89F647}.Release|Any CPU.ActiveCfg = Release|Any CPU
		{67B69819-FB6B-870F-6ACD-3BE9DF89F647}.Release|Any CPU.Build.0 = Release|Any CPU
		{6DF8A4D3-9CC6-F343-A530-2FE2B20786E2}.Debug|Any CPU.ActiveCfg = Debug|Any CPU
		{6DF8A4D3-9CC6-F343-A530-2FE2B20786E2}.Debug|Any CPU.Build.0 = Debug|Any CPU
		{6DF8A4D3-9CC6-F343-A530-2FE2B20786E2}.Release|Any CPU.ActiveCfg = Release|Any CPU
		{6DF8A4D3-9CC6-F343-A530-2FE2B20786E2}.Release|Any CPU.Build.0 = Release|Any CPU
		{85DD5B7E-4BAC-0A61-7B4E-E5E0CC4DFFE5}.Debug|Any CPU.ActiveCfg = Debug|Any CPU
		{85DD5B7E-4BAC-0A61-7B4E-E5E0CC4DFFE5}.Debug|Any CPU.Build.0 = Debug|Any CPU
		{85DD5B7E-4BAC-0A61-7B4E-E5E0CC4DFFE5}.Release|Any CPU.ActiveCfg = Release|Any CPU
		{85DD5B7E-4BAC-0A61-7B4E-E5E0CC4DFFE5}.Release|Any CPU.Build.0 = Release|Any CPU
		{3E45A784-3255-BA9E-0732-EE495DEE120C}.Debug|Any CPU.ActiveCfg = Debug|Any CPU
		{3E45A784-3255-BA9E-0732-EE495DEE120C}.Debug|Any CPU.Build.0 = Debug|Any CPU
		{3E45A784-3255-BA9E-0732-EE495DEE120C}.Release|Any CPU.ActiveCfg = Release|Any CPU
		{3E45A784-3255-BA9E-0732-EE495DEE120C}.Release|Any CPU.Build.0 = Release|Any CPU
		{6BD55DA3-A017-4ABA-EDBB-249FF3B6658A}.Debug|Any CPU.ActiveCfg = Debug|Any CPU
		{6BD55DA3-A017-4ABA-EDBB-249FF3B6658A}.Debug|Any CPU.Build.0 = Debug|Any CPU
		{6BD55DA3-A017-4ABA-EDBB-249FF3B6658A}.Release|Any CPU.ActiveCfg = Release|Any CPU
		{6BD55DA3-A017-4ABA-EDBB-249FF3B6658A}.Release|Any CPU.Build.0 = Release|Any CPU
		{BCFAF5F2-5350-561B-52E6-9D457F53C22A}.Debug|Any CPU.ActiveCfg = Debug|Any CPU
		{BCFAF5F2-5350-561B-52E6-9D457F53C22A}.Debug|Any CPU.Build.0 = Debug|Any CPU
		{BCFAF5F2-5350-561B-52E6-9D457F53C22A}.Release|Any CPU.ActiveCfg = Release|Any CPU
		{BCFAF5F2-5350-561B-52E6-9D457F53C22A}.Release|Any CPU.Build.0 = Release|Any CPU
		{233C943E-3B40-C7D5-CC6C-E4DFF8206D82}.Debug|Any CPU.ActiveCfg = Debug|Any CPU
		{233C943E-3B40-C7D5-CC6C-E4DFF8206D82}.Debug|Any CPU.Build.0 = Debug|Any CPU
		{233C943E-3B40-C7D5-CC6C-E4DFF8206D82}.Release|Any CPU.ActiveCfg = Release|Any CPU
		{233C943E-3B40-C7D5-CC6C-E4DFF8206D82}.Release|Any CPU.Build.0 = Release|Any CPU
		{3626F6C2-793E-EF83-C191-B7FD5A373D35}.Debug|Any CPU.ActiveCfg = Debug|Any CPU
		{3626F6C2-793E-EF83-C191-B7FD5A373D35}.Debug|Any CPU.Build.0 = Debug|Any CPU
		{3626F6C2-793E-EF83-C191-B7FD5A373D35}.Release|Any CPU.ActiveCfg = Release|Any CPU
		{3626F6C2-793E-EF83-C191-B7FD5A373D35}.Release|Any CPU.Build.0 = Release|Any CPU
		{3DB65200-A604-0578-65E1-62E8114CFB46}.Debug|Any CPU.ActiveCfg = Debug|Any CPU
		{3DB65200-A604-0578-65E1-62E8114CFB46}.Debug|Any CPU.Build.0 = Debug|Any CPU
		{3DB65200-A604-0578-65E1-62E8114CFB46}.Release|Any CPU.ActiveCfg = Release|Any CPU
		{3DB65200-A604-0578-65E1-62E8114CFB46}.Release|Any CPU.Build.0 = Release|Any CPU
		{8D5DBE1C-EB25-3140-9E4E-2E5CA69C5412}.Debug|Any CPU.ActiveCfg = Debug|Any CPU
		{8D5DBE1C-EB25-3140-9E4E-2E5CA69C5412}.Debug|Any CPU.Build.0 = Debug|Any CPU
		{8D5DBE1C-EB25-3140-9E4E-2E5CA69C5412}.Release|Any CPU.ActiveCfg = Release|Any CPU
		{8D5DBE1C-EB25-3140-9E4E-2E5CA69C5412}.Release|Any CPU.Build.0 = Release|Any CPU
		{7C2B8C87-224C-5269-415C-ABC667E34671}.Debug|Any CPU.ActiveCfg = Debug|Any CPU
		{7C2B8C87-224C-5269-415C-ABC667E34671}.Debug|Any CPU.Build.0 = Debug|Any CPU
		{7C2B8C87-224C-5269-415C-ABC667E34671}.Release|Any CPU.ActiveCfg = Release|Any CPU
		{7C2B8C87-224C-5269-415C-ABC667E34671}.Release|Any CPU.Build.0 = Release|Any CPU
		{4C9B67E8-88E0-408E-D977-2BE069CA2583}.Debug|Any CPU.ActiveCfg = Debug|Any CPU
		{4C9B67E8-88E0-408E-D977-2BE069CA2583}.Debug|Any CPU.Build.0 = Debug|Any CPU
		{4C9B67E8-88E0-408E-D977-2BE069CA2583}.Release|Any CPU.ActiveCfg = Release|Any CPU
		{4C9B67E8-88E0-408E-D977-2BE069CA2583}.Release|Any CPU.Build.0 = Release|Any CPU
		{94773ED7-761B-785F-4F4E-575691ED037D}.Debug|Any CPU.ActiveCfg = Debug|Any CPU
		{94773ED7-761B-785F-4F4E-575691ED037D}.Debug|Any CPU.Build.0 = Debug|Any CPU
		{94773ED7-761B-785F-4F4E-575691ED037D}.Release|Any CPU.ActiveCfg = Release|Any CPU
		{94773ED7-761B-785F-4F4E-575691ED037D}.Release|Any CPU.Build.0 = Release|Any CPU
		{018B9D88-9FE5-E9DE-E648-063FF6E8976B}.Debug|Any CPU.ActiveCfg = Debug|Any CPU
		{018B9D88-9FE5-E9DE-E648-063FF6E8976B}.Debug|Any CPU.Build.0 = Debug|Any CPU
		{018B9D88-9FE5-E9DE-E648-063FF6E8976B}.Release|Any CPU.ActiveCfg = Release|Any CPU
		{018B9D88-9FE5-E9DE-E648-063FF6E8976B}.Release|Any CPU.Build.0 = Release|Any CPU
		{DE47E1D6-B6AA-6844-0EEE-2EEE1BB89CF4}.Debug|Any CPU.ActiveCfg = Debug|Any CPU
		{DE47E1D6-B6AA-6844-0EEE-2EEE1BB89CF4}.Debug|Any CPU.Build.0 = Debug|Any CPU
		{DE47E1D6-B6AA-6844-0EEE-2EEE1BB89CF4}.Release|Any CPU.ActiveCfg = Release|Any CPU
		{DE47E1D6-B6AA-6844-0EEE-2EEE1BB89CF4}.Release|Any CPU.Build.0 = Release|Any CPU
		{A3D77861-4362-E9F0-C150-9D5B2F5B01B4}.Debug|Any CPU.ActiveCfg = Debug|Any CPU
		{A3D77861-4362-E9F0-C150-9D5B2F5B01B4}.Debug|Any CPU.Build.0 = Debug|Any CPU
		{A3D77861-4362-E9F0-C150-9D5B2F5B01B4}.Release|Any CPU.ActiveCfg = Release|Any CPU
		{A3D77861-4362-E9F0-C150-9D5B2F5B01B4}.Release|Any CPU.Build.0 = Release|Any CPU
		{DEB6E5B1-0F60-C12F-7BCC-2E550F670B47}.Debug|Any CPU.ActiveCfg = Debug|Any CPU
		{DEB6E5B1-0F60-C12F-7BCC-2E550F670B47}.Debug|Any CPU.Build.0 = Debug|Any CPU
		{DEB6E5B1-0F60-C12F-7BCC-2E550F670B47}.Release|Any CPU.ActiveCfg = Release|Any CPU
		{DEB6E5B1-0F60-C12F-7BCC-2E550F670B47}.Release|Any CPU.Build.0 = Release|Any CPU
		{D1405357-FAD1-4B2A-639E-7EA2F3C12164}.Debug|Any CPU.ActiveCfg = Debug|Any CPU
		{D1405357-FAD1-4B2A-639E-7EA2F3C12164}.Debug|Any CPU.Build.0 = Debug|Any CPU
		{D1405357-FAD1-4B2A-639E-7EA2F3C12164}.Release|Any CPU.ActiveCfg = Release|Any CPU
		{D1405357-FAD1-4B2A-639E-7EA2F3C12164}.Release|Any CPU.Build.0 = Release|Any CPU
		{56E1B341-DEC9-91CC-D859-46CE6B61C45C}.Debug|Any CPU.ActiveCfg = Debug|Any CPU
		{56E1B341-DEC9-91CC-D859-46CE6B61C45C}.Debug|Any CPU.Build.0 = Debug|Any CPU
		{56E1B341-DEC9-91CC-D859-46CE6B61C45C}.Release|Any CPU.ActiveCfg = Release|Any CPU
		{56E1B341-DEC9-91CC-D859-46CE6B61C45C}.Release|Any CPU.Build.0 = Release|Any CPU
		{F110FBE6-476E-439C-8970-76842801DC04}.Debug|Any CPU.ActiveCfg = Debug|Any CPU
		{F110FBE6-476E-439C-8970-76842801DC04}.Debug|Any CPU.Build.0 = Debug|Any CPU
		{F110FBE6-476E-439C-8970-76842801DC04}.Release|Any CPU.ActiveCfg = Release|Any CPU
		{F110FBE6-476E-439C-8970-76842801DC04}.Release|Any CPU.Build.0 = Release|Any CPU
	EndGlobalSection
	GlobalSection(SolutionProperties) = preSolution
		HideSolutionNode = FALSE
	EndGlobalSection
EndGlobal
