
Microsoft Visual Studio Solution File, Format Version 12.00
# Visual Studio 15
Project("{FAE04EC0-301F-11D3-BF4B-00C04F79EFBC}") = "Oculus.Platform", "Oculus.Platform.csproj", "{605A3408-E569-36F5-AEE5-BB2E4D4830C0}"
EndProject
Project("{FAE04EC0-301F-11D3-BF4B-00C04F79EFBC}") = "Assembly-CSharp", "Assembly-CSharp.csproj", "{5B580621-09B4-68CB-B5F4-5B9DD210A60F}"
EndProject
Project("{FAE04EC0-301F-11D3-BF4B-00C04F79EFBC}") = "Meta.WitAi", "Meta.WitAi.csproj", "{302A75E3-4F50-F2DF-0188-847850CB4F81}"
EndProject
Project("{FAE04EC0-301F-11D3-BF4B-00C04F79EFBC}") = "PhotonVoice.API", "PhotonVoice.API.csproj", "{2E49175F-C79F-D551-CF86-70135A5A4BCF}"
EndProject
Project("{FAE04EC0-301F-11D3-BF4B-00C04F79EFBC}") = "Oculus.Interaction", "Oculus.Interaction.csproj", "{742F3D75-7200-00C0-B54F-CDA08E01A50D}"
EndProject
Project("{FAE04EC0-301F-11D3-BF4B-00C04F79EFBC}") = "PhotonVoice", "PhotonVoice.csproj", "{29A4C2B5-092B-AB8A-F0C5-91A20423164E}"
EndProject
Project("{FAE04EC0-301F-11D3-BF4B-00C04F79EFBC}") = "Oculus.VR", "Oculus.VR.csproj", "{6B466F2B-72A0-4798-DFD4-67E4AE909038}"
EndProject
Project("{FAE04EC0-301F-11D3-BF4B-00C04F79EFBC}") = "PhotonUnityNetworking.Demos", "PhotonUnityNetworking.Demos.csproj", "{768D4942-5D1D-6F74-779F-9C7A3C552F13}"
EndProject
Project("{FAE04EC0-301F-11D3-BF4B-00C04F79EFBC}") = "VoiceSDK.Dictation.Runtime", "VoiceSDK.Dictation.Runtime.csproj", "{9F6A8A8F-47AB-DDCA-BF59-28CC3D0930F3}"
EndProject
Project("{FAE04EC0-301F-11D3-BF4B-00C04F79EFBC}") = "Meta.WitAi.Lib", "Meta.WitAi.Lib.csproj", "{741C75EA-6539-8220-3C4D-DE279238E059}"
EndProject
Project("{FAE04EC0-301F-11D3-BF4B-00C04F79EFBC}") = "PhotonRealtime", "PhotonRealtime.csproj", "{8D0C4025-DFFF-A76F-63B0-18DCD4DF670E}"
EndProject
Project("{FAE04EC0-301F-11D3-BF4B-00C04F79EFBC}") = "PhotonUnityNetworking", "PhotonUnityNetworking.csproj", "{D7763AF3-5B37-0E1D-2F4A-1EBCBB745AA5}"
EndProject
Project("{FAE04EC0-301F-11D3-BF4B-00C04F79EFBC}") = "VoiceSDK.Runtime", "VoiceSDK.Runtime.csproj", "{3E02B6F5-BABF-2757-299E-39B43C87ACCD}"
EndProject
Project("{FAE04EC0-301F-11D3-BF4B-00C04F79EFBC}") = "PhotonUnityNetworking.Utilities", "PhotonUnityNetworking.Utilities.csproj", "{1B757B11-2353-2E3B-9AA4-AA936F003D7F}"
EndProject
Project("{FAE04EC0-301F-11D3-BF4B-00C04F79EFBC}") = "Oculus.Interaction.OVR.Samples", "Oculus.Interaction.OVR.Samples.csproj", "{2C4CF6F1-4CB6-A4E1-8497-DB51D5DB720B}"
EndProject
Project("{FAE04EC0-301F-11D3-BF4B-00C04F79EFBC}") = "Meta.WitAi.TTS.Samples", "Meta.WitAi.TTS.Samples.csproj", "{61A797AC-7585-4AAF-A8F0-2B7E079BE005}"
EndProject
Project("{FAE04EC0-301F-11D3-BF4B-00C04F79EFBC}") = "Oculus.Voice.Demo", "Oculus.Voice.Demo.csproj", "{EBFA493E-EB01-17E2-F7CD-195FF9115541}"
EndProject
Project("{FAE04EC0-301F-11D3-BF4B-00C04F79EFBC}") = "Oculus.Interaction.OVR", "Oculus.Interaction.OVR.csproj", "{E149025D-B25B-27FE-6F60-7A46E9D2EB92}"
EndProject
Project("{FAE04EC0-301F-11D3-BF4B-00C04F79EFBC}") = "AssistantCoreSDKRuntime", "AssistantCoreSDKRuntime.csproj", "{2CDBC01C-6097-A4BB-150C-CC90868B471B}"
EndProject
Project("{FAE04EC0-301F-11D3-BF4B-00C04F79EFBC}") = "Meta.WitAi.Conduit", "Meta.WitAi.Conduit.csproj", "{8DF9F8AD-2087-40C0-61D1-F684098B7460}"
EndProject
Project("{FAE04EC0-301F-11D3-BF4B-00C04F79EFBC}") = "Oculus.AudioManager", "Oculus.AudioManager.csproj", "{901AEFAA-AB60-426E-D966-A8E2E5B87561}"
EndProject
Project("{FAE04EC0-301F-11D3-BF4B-00C04F79EFBC}") = "Oculus.LipSync", "Oculus.LipSync.csproj", "{9ADC3CA3-FFFE-290E-5068-F8C8832FEAD5}"
EndProject
Project("{FAE04EC0-301F-11D3-BF4B-00C04F79EFBC}") = "PhotonChat", "PhotonChat.csproj", "{2F941D62-A46D-1B64-F983-80423576B77C}"
EndProject
Project("{FAE04EC0-301F-11D3-BF4B-00C04F79EFBC}") = "Oculus.Spatializer", "Oculus.Spatializer.csproj", "{D5D28311-0194-FED2-5375-21A123999842}"
EndProject
Project("{FAE04EC0-301F-11D3-BF4B-00C04F79EFBC}") = "Assembly-CSharp-firstpass", "Assembly-CSharp-firstpass.csproj", "{FDE690F1-626F-FFA0-5754-E83120972A79}"
EndProject
Project("{FAE04EC0-301F-11D3-BF4B-00C04F79EFBC}") = "Meta.VoiceSDK.Mic.Other", "Meta.VoiceSDK.Mic.Other.csproj", "{F7DC0107-A926-59D6-C833-72778A6756E6}"
EndProject
Project("{FAE04EC0-301F-11D3-BF4B-00C04F79EFBC}") = "Meta.VoiceSDK.Mic.WebGL", "Meta.VoiceSDK.Mic.WebGL.csproj", "{E0A04AF8-C5CB-868F-30C7-EE05EA87D4F8}"
EndProject
Project("{FAE04EC0-301F-11D3-BF4B-00C04F79EFBC}") = "Meta.VoiceSDK.Mic.Common", "Meta.VoiceSDK.Mic.Common.csproj", "{B5B9F83F-3404-8423-2CB9-EB0F63D773F8}"
EndProject
Project("{FAE04EC0-301F-11D3-BF4B-00C04F79EFBC}") = "Facebook.Wit.Dictation", "Facebook.Wit.Dictation.csproj", "{694835BD-9235-C81A-ED8D-605DE32E6FEA}"
EndProject
Project("{FAE04EC0-301F-11D3-BF4B-00C04F79EFBC}") = "Meta.WitAi.TTS", "Meta.WitAi.TTS.csproj", "{99DBA5DE-6D3C-5579-1E34-B89D4F0472D7}"
EndProject
Project("{FAE04EC0-301F-11D3-BF4B-00C04F79EFBC}") = "PhotonVoice.PUN", "PhotonVoice.PUN.csproj", "{CF4476CA-44B6-FB15-339E-F05F67497787}"
EndProject
Project("{FAE04EC0-301F-11D3-BF4B-00C04F79EFBC}") = "Meta.WitAi.Editor", "Meta.WitAi.Editor.csproj", "{92617328-9609-3E34-A0A9-93A496E4D4FD}"
EndProject
Project("{FAE04EC0-301F-11D3-BF4B-00C04F79EFBC}") = "PhotonUnityNetworking.Editor", "PhotonUnityNetworking.Editor.csproj", "{BC33497D-DDD6-F76F-1575-0C9969AAE9BF}"
EndProject
Project("{FAE04EC0-301F-11D3-BF4B-00C04F79EFBC}") = "Meta.WitAI.Lib.Editor", "Meta.WitAI.Lib.Editor.csproj", "{6B8B9C3D-068A-6484-E7F6-2BEC38DD08B8}"
EndProject
Project("{FAE04EC0-301F-11D3-BF4B-00C04F79EFBC}") = "Oculus.VR.Editor", "Oculus.VR.Editor.csproj", "{55E2420A-4308-286B-9BE0-1AB4198227CC}"
EndProject
Project("{FAE04EC0-301F-11D3-BF4B-00C04F79EFBC}") = "Meta.WitAi.Conduit.Editor", "Meta.WitAi.Conduit.Editor.csproj", "{F3E489F9-3376-9620-3BE0-539515982F2F}"
EndProject
Project("{FAE04EC0-301F-11D3-BF4B-00C04F79EFBC}") = "Oculus.Interaction.Editor", "Oculus.Interaction.Editor.csproj", "{22A85282-500D-45B8-97F0-615E9EB7B2A5}"
EndProject
Project("{FAE04EC0-301F-11D3-BF4B-00C04F79EFBC}") = "Oculus.Interaction.OVR.Editor", "Oculus.Interaction.OVR.Editor.csproj", "{E7DC4676-F2DF-D18A-61DE-3BA3FC72AA91}"
EndProject
Project("{FAE04EC0-301F-11D3-BF4B-00C04F79EFBC}") = "Assembly-CSharp-Editor", "Assembly-CSharp-Editor.csproj", "{3CC9D2C0-C461-07D9-EDF3-4FFB4DE5C299}"
EndProject
Project("{FAE04EC0-301F-11D3-BF4B-00C04F79EFBC}") = "Oculus.VR.Scripts.Editor", "Oculus.VR.Scripts.Editor.csproj", "{54EB40C8-6784-CF70-35D6-28A8347DF7DF}"
EndProject
Project("{FAE04EC0-301F-11D3-BF4B-00C04F79EFBC}") = "Oculus.Spatializer.Editor", "Oculus.Spatializer.Editor.csproj", "{00BAA019-C76B-0DE7-DE82-B007F63C3BEE}"
EndProject
Project("{FAE04EC0-301F-11D3-BF4B-00C04F79EFBC}") = "Meta.WitAi.TTS.Editor", "Meta.WitAi.TTS.Editor.csproj", "{2C323369-02B9-D9C0-665F-E2ABE9DBB78E}"
EndProject
Project("{FAE04EC0-301F-11D3-BF4B-00C04F79EFBC}") = "PhotonUnityNetworking.Utilities.PhotonPlayer.Editor", "PhotonUnityNetworking.Utilities.PhotonPlayer.Editor.csproj", "{4760C3E5-4623-E6FC-A728-6B9BE8ABF704}"
EndProject
Project("{FAE04EC0-301F-11D3-BF4B-00C04F79EFBC}") = "VoiceSDK.Dictation.Editor", "VoiceSDK.Dictation.Editor.csproj", "{D6E50FD0-0C5F-F556-E1E1-7D31CF4D0425}"
EndProject
Project("{FAE04EC0-301F-11D3-BF4B-00C04F79EFBC}") = "Oculus.Platform.Editor", "Oculus.Platform.Editor.csproj", "{07BA777F-122A-1824-488C-4BE7D07F24B7}"
EndProject
Project("{FAE04EC0-301F-11D3-BF4B-00C04F79EFBC}") = "VoiceSDK.Editor", "VoiceSDK.Editor.csproj", "{97DE3099-EC24-DE71-B5E5-DCFD4F30123F}"
EndProject
Project("{FAE04EC0-301F-11D3-BF4B-00C04F79EFBC}") = "Oculus.AudioManager.Audio.Editor", "Oculus.AudioManager.Audio.Editor.csproj", "{10C5B668-6E88-4685-B490-28DFB487DCFA}"
EndProject
Project("{FAE04EC0-301F-11D3-BF4B-00C04F79EFBC}") = "PhotonVoice.Editor", "PhotonVoice.Editor.csproj", "{C35491DE-88C9-D861-FBE3-E095B8C8CF9E}"
EndProject
Project("{FAE04EC0-301F-11D3-BF4B-00C04F79EFBC}") = "Oculus.LipSync.Editor", "Oculus.LipSync.Editor.csproj", "{B295BAAD-D48D-19DD-4B62-AC5DF9E1B5A5}"
EndProject
Project("{FAE04EC0-301F-11D3-BF4B-00C04F79EFBC}") = "Oculus.AudioManager.Utils.Editor", "Oculus.AudioManager.Utils.Editor.csproj", "{E8757E5A-0323-6134-A31F-2B7EAEC59423}"
EndProject
Project("{FAE04EC0-301F-11D3-BF4B-00C04F79EFBC}") = "PhotonVoice.PUN.Editor", "PhotonVoice.PUN.Editor.csproj", "{86BF650C-8388-DAD1-B5E1-82DD2543973D}"
EndProject
Project("{FAE04EC0-301F-11D3-BF4B-00C04F79EFBC}") = "Oculus.Interaction.Samples.Editor", "Oculus.Interaction.Samples.Editor.csproj", "{381F5AE8-031E-1BBF-55B5-38F13FEDF7D0}"
EndProject
Project("{FAE04EC0-301F-11D3-BF4B-00C04F79EFBC}") = "Facebook.Wit.Dictation.Editor", "Facebook.Wit.Dictation.Editor.csproj", "{6CAEFC39-6FDB-8A16-1BE9-26E6D1625D20}"
EndProject
Project("{FAE04EC0-301F-11D3-BF4B-00C04F79EFBC}") = "PunDemos.DemoSlotcarEditor", "PunDemos.DemoSlotcarEditor.csproj", "{FF5CAE0B-BDBF-8EA0-1F39-5574B803F5B2}"
EndProject
Project("{FAE04EC0-301F-11D3-BF4B-00C04F79EFBC}") = "Oculus.Interaction.InterfaceSupport", "Oculus.Interaction.InterfaceSupport.csproj", "{B3819A19-3DB6-6D5E-DE02-8604C7F10C02}"
EndProject
Project("{FAE04EC0-301F-11D3-BF4B-00C04F79EFBC}") = "PhotonUnityNetworking.Utilities.Culling.Editor", "PhotonUnityNetworking.Utilities.Culling.Editor.csproj", "{13DFBAED-3DD7-02BD-25DD-376F7F87C916}"
EndProject
Project("{FAE04EC0-301F-11D3-BF4B-00C04F79EFBC}") = "PunDemos.DemoHubEditor", "PunDemos.DemoHubEditor.csproj", "{E9F4E640-7581-9FD4-1DAB-A0D96E3A66AF}"
EndProject
Project("{FAE04EC0-301F-11D3-BF4B-00C04F79EFBC}") = "PhotonVoice.Utilities.Editor", "PhotonVoice.Utilities.Editor.csproj", "{00DB0CE2-ADBE-0E64-FEF4-C0C3463CFC33}"
EndProject
Project("{FAE04EC0-301F-11D3-BF4B-00C04F79EFBC}") = "AssistantCoreSDKEditor", "AssistantCoreSDKEditor.csproj", "{46585A52-034D-2659-9B58-A17DE9D24A5A}"
EndProject
Project("{FAE04EC0-301F-11D3-BF4B-00C04F79EFBC}") = "MicAmplifierEditor.Editor", "MicAmplifierEditor.Editor.csproj", "{B60397D3-F8F3-C3C8-E564-2A463D4E23C0}"
EndProject
Global
	GlobalSection(SolutionConfigurationPlatforms) = preSolution
		Debug|Any CPU = Debug|Any CPU
		Release|Any CPU = Release|Any CPU
	EndGlobalSection
	GlobalSection(ProjectConfigurationPlatforms) = postSolution
		{605A3408-E569-36F5-AEE5-BB2E4D4830C0}.Debug|Any CPU.ActiveCfg = Debug|Any CPU
		{605A3408-E569-36F5-AEE5-BB2E4D4830C0}.Debug|Any CPU.Build.0 = Debug|Any CPU
		{605A3408-E569-36F5-AEE5-BB2E4D4830C0}.Release|Any CPU.ActiveCfg = Release|Any CPU
		{605A3408-E569-36F5-AEE5-BB2E4D4830C0}.Release|Any CPU.Build.0 = Release|Any CPU
		{5B580621-09B4-68CB-B5F4-5B9DD210A60F}.Debug|Any CPU.ActiveCfg = Debug|Any CPU
		{5B580621-09B4-68CB-B5F4-5B9DD210A60F}.Debug|Any CPU.Build.0 = Debug|Any CPU
		{5B580621-09B4-68CB-B5F4-5B9DD210A60F}.Release|Any CPU.ActiveCfg = Release|Any CPU
		{5B580621-09B4-68CB-B5F4-5B9DD210A60F}.Release|Any CPU.Build.0 = Release|Any CPU
		{302A75E3-4F50-F2DF-0188-847850CB4F81}.Debug|Any CPU.ActiveCfg = Debug|Any CPU
		{302A75E3-4F50-F2DF-0188-847850CB4F81}.Debug|Any CPU.Build.0 = Debug|Any CPU
		{302A75E3-4F50-F2DF-0188-847850CB4F81}.Release|Any CPU.ActiveCfg = Release|Any CPU
		{302A75E3-4F50-F2DF-0188-847850CB4F81}.Release|Any CPU.Build.0 = Release|Any CPU
		{2E49175F-C79F-D551-CF86-70135A5A4BCF}.Debug|Any CPU.ActiveCfg = Debug|Any CPU
		{2E49175F-C79F-D551-CF86-70135A5A4BCF}.Debug|Any CPU.Build.0 = Debug|Any CPU
		{2E49175F-C79F-D551-CF86-70135A5A4BCF}.Release|Any CPU.ActiveCfg = Release|Any CPU
		{2E49175F-C79F-D551-CF86-70135A5A4BCF}.Release|Any CPU.Build.0 = Release|Any CPU
		{742F3D75-7200-00C0-B54F-CDA08E01A50D}.Debug|Any CPU.ActiveCfg = Debug|Any CPU
		{742F3D75-7200-00C0-B54F-CDA08E01A50D}.Debug|Any CPU.Build.0 = Debug|Any CPU
		{742F3D75-7200-00C0-B54F-CDA08E01A50D}.Release|Any CPU.ActiveCfg = Release|Any CPU
		{742F3D75-7200-00C0-B54F-CDA08E01A50D}.Release|Any CPU.Build.0 = Release|Any CPU
		{29A4C2B5-092B-AB8A-F0C5-91A20423164E}.Debug|Any CPU.ActiveCfg = Debug|Any CPU
		{29A4C2B5-092B-AB8A-F0C5-91A20423164E}.Debug|Any CPU.Build.0 = Debug|Any CPU
		{29A4C2B5-092B-AB8A-F0C5-91A20423164E}.Release|Any CPU.ActiveCfg = Release|Any CPU
		{29A4C2B5-092B-AB8A-F0C5-91A20423164E}.Release|Any CPU.Build.0 = Release|Any CPU
		{6B466F2B-72A0-4798-DFD4-67E4AE909038}.Debug|Any CPU.ActiveCfg = Debug|Any CPU
		{6B466F2B-72A0-4798-DFD4-67E4AE909038}.Debug|Any CPU.Build.0 = Debug|Any CPU
		{6B466F2B-72A0-4798-DFD4-67E4AE909038}.Release|Any CPU.ActiveCfg = Release|Any CPU
		{6B466F2B-72A0-4798-DFD4-67E4AE909038}.Release|Any CPU.Build.0 = Release|Any CPU
		{768D4942-5D1D-6F74-779F-9C7A3C552F13}.Debug|Any CPU.ActiveCfg = Debug|Any CPU
		{768D4942-5D1D-6F74-779F-9C7A3C552F13}.Debug|Any CPU.Build.0 = Debug|Any CPU
		{768D4942-5D1D-6F74-779F-9C7A3C552F13}.Release|Any CPU.ActiveCfg = Release|Any CPU
		{768D4942-5D1D-6F74-779F-9C7A3C552F13}.Release|Any CPU.Build.0 = Release|Any CPU
		{9F6A8A8F-47AB-DDCA-BF59-28CC3D0930F3}.Debug|Any CPU.ActiveCfg = Debug|Any CPU
		{9F6A8A8F-47AB-DDCA-BF59-28CC3D0930F3}.Debug|Any CPU.Build.0 = Debug|Any CPU
		{9F6A8A8F-47AB-DDCA-BF59-28CC3D0930F3}.Release|Any CPU.ActiveCfg = Release|Any CPU
		{9F6A8A8F-47AB-DDCA-BF59-28CC3D0930F3}.Release|Any CPU.Build.0 = Release|Any CPU
		{741C75EA-6539-8220-3C4D-DE279238E059}.Debug|Any CPU.ActiveCfg = Debug|Any CPU
		{741C75EA-6539-8220-3C4D-DE279238E059}.Debug|Any CPU.Build.0 = Debug|Any CPU
		{741C75EA-6539-8220-3C4D-DE279238E059}.Release|Any CPU.ActiveCfg = Release|Any CPU
		{741C75EA-6539-8220-3C4D-DE279238E059}.Release|Any CPU.Build.0 = Release|Any CPU
		{8D0C4025-DFFF-A76F-63B0-18DCD4DF670E}.Debug|Any CPU.ActiveCfg = Debug|Any CPU
		{8D0C4025-DFFF-A76F-63B0-18DCD4DF670E}.Debug|Any CPU.Build.0 = Debug|Any CPU
		{8D0C4025-DFFF-A76F-63B0-18DCD4DF670E}.Release|Any CPU.ActiveCfg = Release|Any CPU
		{8D0C4025-DFFF-A76F-63B0-18DCD4DF670E}.Release|Any CPU.Build.0 = Release|Any CPU
		{D7763AF3-5B37-0E1D-2F4A-1EBCBB745AA5}.Debug|Any CPU.ActiveCfg = Debug|Any CPU
		{D7763AF3-5B37-0E1D-2F4A-1EBCBB745AA5}.Debug|Any CPU.Build.0 = Debug|Any CPU
		{D7763AF3-5B37-0E1D-2F4A-1EBCBB745AA5}.Release|Any CPU.ActiveCfg = Release|Any CPU
		{D7763AF3-5B37-0E1D-2F4A-1EBCBB745AA5}.Release|Any CPU.Build.0 = Release|Any CPU
		{3E02B6F5-BABF-2757-299E-39B43C87ACCD}.Debug|Any CPU.ActiveCfg = Debug|Any CPU
		{3E02B6F5-BABF-2757-299E-39B43C87ACCD}.Debug|Any CPU.Build.0 = Debug|Any CPU
		{3E02B6F5-BABF-2757-299E-39B43C87ACCD}.Release|Any CPU.ActiveCfg = Release|Any CPU
		{3E02B6F5-BABF-2757-299E-39B43C87ACCD}.Release|Any CPU.Build.0 = Release|Any CPU
		{1B757B11-2353-2E3B-9AA4-AA936F003D7F}.Debug|Any CPU.ActiveCfg = Debug|Any CPU
		{1B757B11-2353-2E3B-9AA4-AA936F003D7F}.Debug|Any CPU.Build.0 = Debug|Any CPU
		{1B757B11-2353-2E3B-9AA4-AA936F003D7F}.Release|Any CPU.ActiveCfg = Release|Any CPU
		{1B757B11-2353-2E3B-9AA4-AA936F003D7F}.Release|Any CPU.Build.0 = Release|Any CPU
		{2C4CF6F1-4CB6-A4E1-8497-DB51D5DB720B}.Debug|Any CPU.ActiveCfg = Debug|Any CPU
		{2C4CF6F1-4CB6-A4E1-8497-DB51D5DB720B}.Debug|Any CPU.Build.0 = Debug|Any CPU
		{2C4CF6F1-4CB6-A4E1-8497-DB51D5DB720B}.Release|Any CPU.ActiveCfg = Release|Any CPU
		{2C4CF6F1-4CB6-A4E1-8497-DB51D5DB720B}.Release|Any CPU.Build.0 = Release|Any CPU
		{61A797AC-7585-4AAF-A8F0-2B7E079BE005}.Debug|Any CPU.ActiveCfg = Debug|Any CPU
		{61A797AC-7585-4AAF-A8F0-2B7E079BE005}.Debug|Any CPU.Build.0 = Debug|Any CPU
		{61A797AC-7585-4AAF-A8F0-2B7E079BE005}.Release|Any CPU.ActiveCfg = Release|Any CPU
		{61A797AC-7585-4AAF-A8F0-2B7E079BE005}.Release|Any CPU.Build.0 = Release|Any CPU
		{EBFA493E-EB01-17E2-F7CD-195FF9115541}.Debug|Any CPU.ActiveCfg = Debug|Any CPU
		{EBFA493E-EB01-17E2-F7CD-195FF9115541}.Debug|Any CPU.Build.0 = Debug|Any CPU
		{EBFA493E-EB01-17E2-F7CD-195FF9115541}.Release|Any CPU.ActiveCfg = Release|Any CPU
		{EBFA493E-EB01-17E2-F7CD-195FF9115541}.Release|Any CPU.Build.0 = Release|Any CPU
		{E149025D-B25B-27FE-6F60-7A46E9D2EB92}.Debug|Any CPU.ActiveCfg = Debug|Any CPU
		{E149025D-B25B-27FE-6F60-7A46E9D2EB92}.Debug|Any CPU.Build.0 = Debug|Any CPU
		{E149025D-B25B-27FE-6F60-7A46E9D2EB92}.Release|Any CPU.ActiveCfg = Release|Any CPU
		{E149025D-B25B-27FE-6F60-7A46E9D2EB92}.Release|Any CPU.Build.0 = Release|Any CPU
		{2CDBC01C-6097-A4BB-150C-CC90868B471B}.Debug|Any CPU.ActiveCfg = Debug|Any CPU
		{2CDBC01C-6097-A4BB-150C-CC90868B471B}.Debug|Any CPU.Build.0 = Debug|Any CPU
		{2CDBC01C-6097-A4BB-150C-CC90868B471B}.Release|Any CPU.ActiveCfg = Release|Any CPU
		{2CDBC01C-6097-A4BB-150C-CC90868B471B}.Release|Any CPU.Build.0 = Release|Any CPU
		{8DF9F8AD-2087-40C0-61D1-F684098B7460}.Debug|Any CPU.ActiveCfg = Debug|Any CPU
		{8DF9F8AD-2087-40C0-61D1-F684098B7460}.Debug|Any CPU.Build.0 = Debug|Any CPU
		{8DF9F8AD-2087-40C0-61D1-F684098B7460}.Release|Any CPU.ActiveCfg = Release|Any CPU
		{8DF9F8AD-2087-40C0-61D1-F684098B7460}.Release|Any CPU.Build.0 = Release|Any CPU
		{901AEFAA-AB60-426E-D966-A8E2E5B87561}.Debug|Any CPU.ActiveCfg = Debug|Any CPU
		{901AEFAA-AB60-426E-D966-A8E2E5B87561}.Debug|Any CPU.Build.0 = Debug|Any CPU
		{901AEFAA-AB60-426E-D966-A8E2E5B87561}.Release|Any CPU.ActiveCfg = Release|Any CPU
		{901AEFAA-AB60-426E-D966-A8E2E5B87561}.Release|Any CPU.Build.0 = Release|Any CPU
		{9ADC3CA3-FFFE-290E-5068-F8C8832FEAD5}.Debug|Any CPU.ActiveCfg = Debug|Any CPU
		{9ADC3CA3-FFFE-290E-5068-F8C8832FEAD5}.Debug|Any CPU.Build.0 = Debug|Any CPU
		{9ADC3CA3-FFFE-290E-5068-F8C8832FEAD5}.Release|Any CPU.ActiveCfg = Release|Any CPU
		{9ADC3CA3-FFFE-290E-5068-F8C8832FEAD5}.Release|Any CPU.Build.0 = Release|Any CPU
		{2F941D62-A46D-1B64-F983-80423576B77C}.Debug|Any CPU.ActiveCfg = Debug|Any CPU
		{2F941D62-A46D-1B64-F983-80423576B77C}.Debug|Any CPU.Build.0 = Debug|Any CPU
		{2F941D62-A46D-1B64-F983-80423576B77C}.Release|Any CPU.ActiveCfg = Release|Any CPU
		{2F941D62-A46D-1B64-F983-80423576B77C}.Release|Any CPU.Build.0 = Release|Any CPU
		{D5D28311-0194-FED2-5375-21A123999842}.Debug|Any CPU.ActiveCfg = Debug|Any CPU
		{D5D28311-0194-FED2-5375-21A123999842}.Debug|Any CPU.Build.0 = Debug|Any CPU
		{D5D28311-0194-FED2-5375-21A123999842}.Release|Any CPU.ActiveCfg = Release|Any CPU
		{D5D28311-0194-FED2-5375-21A123999842}.Release|Any CPU.Build.0 = Release|Any CPU
		{FDE690F1-626F-FFA0-5754-E83120972A79}.Debug|Any CPU.ActiveCfg = Debug|Any CPU
		{FDE690F1-626F-FFA0-5754-E83120972A79}.Debug|Any CPU.Build.0 = Debug|Any CPU
		{FDE690F1-626F-FFA0-5754-E83120972A79}.Release|Any CPU.ActiveCfg = Release|Any CPU
		{FDE690F1-626F-FFA0-5754-E83120972A79}.Release|Any CPU.Build.0 = Release|Any CPU
		{F7DC0107-A926-59D6-C833-72778A6756E6}.Debug|Any CPU.ActiveCfg = Debug|Any CPU
		{F7DC0107-A926-59D6-C833-72778A6756E6}.Debug|Any CPU.Build.0 = Debug|Any CPU
		{F7DC0107-A926-59D6-C833-72778A6756E6}.Release|Any CPU.ActiveCfg = Release|Any CPU
		{F7DC0107-A926-59D6-C833-72778A6756E6}.Release|Any CPU.Build.0 = Release|Any CPU
		{E0A04AF8-C5CB-868F-30C7-EE05EA87D4F8}.Debug|Any CPU.ActiveCfg = Debug|Any CPU
		{E0A04AF8-C5CB-868F-30C7-EE05EA87D4F8}.Debug|Any CPU.Build.0 = Debug|Any CPU
		{E0A04AF8-C5CB-868F-30C7-EE05EA87D4F8}.Release|Any CPU.ActiveCfg = Release|Any CPU
		{E0A04AF8-C5CB-868F-30C7-EE05EA87D4F8}.Release|Any CPU.Build.0 = Release|Any CPU
		{B5B9F83F-3404-8423-2CB9-EB0F63D773F8}.Debug|Any CPU.ActiveCfg = Debug|Any CPU
		{B5B9F83F-3404-8423-2CB9-EB0F63D773F8}.Debug|Any CPU.Build.0 = Debug|Any CPU
		{B5B9F83F-3404-8423-2CB9-EB0F63D773F8}.Release|Any CPU.ActiveCfg = Release|Any CPU
		{B5B9F83F-3404-8423-2CB9-EB0F63D773F8}.Release|Any CPU.Build.0 = Release|Any CPU
		{694835BD-9235-C81A-ED8D-605DE32E6FEA}.Debug|Any CPU.ActiveCfg = Debug|Any CPU
		{694835BD-9235-C81A-ED8D-605DE32E6FEA}.Debug|Any CPU.Build.0 = Debug|Any CPU
		{694835BD-9235-C81A-ED8D-605DE32E6FEA}.Release|Any CPU.ActiveCfg = Release|Any CPU
		{694835BD-9235-C81A-ED8D-605DE32E6FEA}.Release|Any CPU.Build.0 = Release|Any CPU
		{99DBA5DE-6D3C-5579-1E34-B89D4F0472D7}.Debug|Any CPU.ActiveCfg = Debug|Any CPU
		{99DBA5DE-6D3C-5579-1E34-B89D4F0472D7}.Debug|Any CPU.Build.0 = Debug|Any CPU
		{99DBA5DE-6D3C-5579-1E34-B89D4F0472D7}.Release|Any CPU.ActiveCfg = Release|Any CPU
		{99DBA5DE-6D3C-5579-1E34-B89D4F0472D7}.Release|Any CPU.Build.0 = Release|Any CPU
		{CF4476CA-44B6-FB15-339E-F05F67497787}.Debug|Any CPU.ActiveCfg = Debug|Any CPU
		{CF4476CA-44B6-FB15-339E-F05F67497787}.Debug|Any CPU.Build.0 = Debug|Any CPU
		{CF4476CA-44B6-FB15-339E-F05F67497787}.Release|Any CPU.ActiveCfg = Release|Any CPU
		{CF4476CA-44B6-FB15-339E-F05F67497787}.Release|Any CPU.Build.0 = Release|Any CPU
		{92617328-9609-3E34-A0A9-93A496E4D4FD}.Debug|Any CPU.ActiveCfg = Debug|Any CPU
		{92617328-9609-3E34-A0A9-93A496E4D4FD}.Debug|Any CPU.Build.0 = Debug|Any CPU
		{92617328-9609-3E34-A0A9-93A496E4D4FD}.Release|Any CPU.ActiveCfg = Release|Any CPU
		{92617328-9609-3E34-A0A9-93A496E4D4FD}.Release|Any CPU.Build.0 = Release|Any CPU
		{BC33497D-DDD6-F76F-1575-0C9969AAE9BF}.Debug|Any CPU.ActiveCfg = Debug|Any CPU
		{BC33497D-DDD6-F76F-1575-0C9969AAE9BF}.Debug|Any CPU.Build.0 = Debug|Any CPU
		{BC33497D-DDD6-F76F-1575-0C9969AAE9BF}.Release|Any CPU.ActiveCfg = Release|Any CPU
		{BC33497D-DDD6-F76F-1575-0C9969AAE9BF}.Release|Any CPU.Build.0 = Release|Any CPU
		{6B8B9C3D-068A-6484-E7F6-2BEC38DD08B8}.Debug|Any CPU.ActiveCfg = Debug|Any CPU
		{6B8B9C3D-068A-6484-E7F6-2BEC38DD08B8}.Debug|Any CPU.Build.0 = Debug|Any CPU
		{6B8B9C3D-068A-6484-E7F6-2BEC38DD08B8}.Release|Any CPU.ActiveCfg = Release|Any CPU
		{6B8B9C3D-068A-6484-E7F6-2BEC38DD08B8}.Release|Any CPU.Build.0 = Release|Any CPU
		{55E2420A-4308-286B-9BE0-1AB4198227CC}.Debug|Any CPU.ActiveCfg = Debug|Any CPU
		{55E2420A-4308-286B-9BE0-1AB4198227CC}.Debug|Any CPU.Build.0 = Debug|Any CPU
		{55E2420A-4308-286B-9BE0-1AB4198227CC}.Release|Any CPU.ActiveCfg = Release|Any CPU
		{55E2420A-4308-286B-9BE0-1AB4198227CC}.Release|Any CPU.Build.0 = Release|Any CPU
		{F3E489F9-3376-9620-3BE0-539515982F2F}.Debug|Any CPU.ActiveCfg = Debug|Any CPU
		{F3E489F9-3376-9620-3BE0-539515982F2F}.Debug|Any CPU.Build.0 = Debug|Any CPU
		{F3E489F9-3376-9620-3BE0-539515982F2F}.Release|Any CPU.ActiveCfg = Release|Any CPU
		{F3E489F9-3376-9620-3BE0-539515982F2F}.Release|Any CPU.Build.0 = Release|Any CPU
		{22A85282-500D-45B8-97F0-615E9EB7B2A5}.Debug|Any CPU.ActiveCfg = Debug|Any CPU
		{22A85282-500D-45B8-97F0-615E9EB7B2A5}.Debug|Any CPU.Build.0 = Debug|Any CPU
		{22A85282-500D-45B8-97F0-615E9EB7B2A5}.Release|Any CPU.ActiveCfg = Release|Any CPU
		{22A85282-500D-45B8-97F0-615E9EB7B2A5}.Release|Any CPU.Build.0 = Release|Any CPU
		{E7DC4676-F2DF-D18A-61DE-3BA3FC72AA91}.Debug|Any CPU.ActiveCfg = Debug|Any CPU
		{E7DC4676-F2DF-D18A-61DE-3BA3FC72AA91}.Debug|Any CPU.Build.0 = Debug|Any CPU
		{E7DC4676-F2DF-D18A-61DE-3BA3FC72AA91}.Release|Any CPU.ActiveCfg = Release|Any CPU
		{E7DC4676-F2DF-D18A-61DE-3BA3FC72AA91}.Release|Any CPU.Build.0 = Release|Any CPU
		{3CC9D2C0-C461-07D9-EDF3-4FFB4DE5C299}.Debug|Any CPU.ActiveCfg = Debug|Any CPU
		{3CC9D2C0-C461-07D9-EDF3-4FFB4DE5C299}.Debug|Any CPU.Build.0 = Debug|Any CPU
		{3CC9D2C0-C461-07D9-EDF3-4FFB4DE5C299}.Release|Any CPU.ActiveCfg = Release|Any CPU
		{3CC9D2C0-C461-07D9-EDF3-4FFB4DE5C299}.Release|Any CPU.Build.0 = Release|Any CPU
		{54EB40C8-6784-CF70-35D6-28A8347DF7DF}.Debug|Any CPU.ActiveCfg = Debug|Any CPU
		{54EB40C8-6784-CF70-35D6-28A8347DF7DF}.Debug|Any CPU.Build.0 = Debug|Any CPU
		{54EB40C8-6784-CF70-35D6-28A8347DF7DF}.Release|Any CPU.ActiveCfg = Release|Any CPU
		{54EB40C8-6784-CF70-35D6-28A8347DF7DF}.Release|Any CPU.Build.0 = Release|Any CPU
		{00BAA019-C76B-0DE7-DE82-B007F63C3BEE}.Debug|Any CPU.ActiveCfg = Debug|Any CPU
		{00BAA019-C76B-0DE7-DE82-B007F63C3BEE}.Debug|Any CPU.Build.0 = Debug|Any CPU
		{00BAA019-C76B-0DE7-DE82-B007F63C3BEE}.Release|Any CPU.ActiveCfg = Release|Any CPU
		{00BAA019-C76B-0DE7-DE82-B007F63C3BEE}.Release|Any CPU.Build.0 = Release|Any CPU
		{2C323369-02B9-D9C0-665F-E2ABE9DBB78E}.Debug|Any CPU.ActiveCfg = Debug|Any CPU
		{2C323369-02B9-D9C0-665F-E2ABE9DBB78E}.Debug|Any CPU.Build.0 = Debug|Any CPU
		{2C323369-02B9-D9C0-665F-E2ABE9DBB78E}.Release|Any CPU.ActiveCfg = Release|Any CPU
		{2C323369-02B9-D9C0-665F-E2ABE9DBB78E}.Release|Any CPU.Build.0 = Release|Any CPU
		{4760C3E5-4623-E6FC-A728-6B9BE8ABF704}.Debug|Any CPU.ActiveCfg = Debug|Any CPU
		{4760C3E5-4623-E6FC-A728-6B9BE8ABF704}.Debug|Any CPU.Build.0 = Debug|Any CPU
		{4760C3E5-4623-E6FC-A728-6B9BE8ABF704}.Release|Any CPU.ActiveCfg = Release|Any CPU
		{4760C3E5-4623-E6FC-A728-6B9BE8ABF704}.Release|Any CPU.Build.0 = Release|Any CPU
		{D6E50FD0-0C5F-F556-E1E1-7D31CF4D0425}.Debug|Any CPU.ActiveCfg = Debug|Any CPU
		{D6E50FD0-0C5F-F556-E1E1-7D31CF4D0425}.Debug|Any CPU.Build.0 = Debug|Any CPU
		{D6E50FD0-0C5F-F556-E1E1-7D31CF4D0425}.Release|Any CPU.ActiveCfg = Release|Any CPU
		{D6E50FD0-0C5F-F556-E1E1-7D31CF4D0425}.Release|Any CPU.Build.0 = Release|Any CPU
		{07BA777F-122A-1824-488C-4BE7D07F24B7}.Debug|Any CPU.ActiveCfg = Debug|Any CPU
		{07BA777F-122A-1824-488C-4BE7D07F24B7}.Debug|Any CPU.Build.0 = Debug|Any CPU
		{07BA777F-122A-1824-488C-4BE7D07F24B7}.Release|Any CPU.ActiveCfg = Release|Any CPU
		{07BA777F-122A-1824-488C-4BE7D07F24B7}.Release|Any CPU.Build.0 = Release|Any CPU
		{97DE3099-EC24-DE71-B5E5-DCFD4F30123F}.Debug|Any CPU.ActiveCfg = Debug|Any CPU
		{97DE3099-EC24-DE71-B5E5-DCFD4F30123F}.Debug|Any CPU.Build.0 = Debug|Any CPU
		{97DE3099-EC24-DE71-B5E5-DCFD4F30123F}.Release|Any CPU.ActiveCfg = Release|Any CPU
		{97DE3099-EC24-DE71-B5E5-DCFD4F30123F}.Release|Any CPU.Build.0 = Release|Any CPU
		{10C5B668-6E88-4685-B490-28DFB487DCFA}.Debug|Any CPU.ActiveCfg = Debug|Any CPU
		{10C5B668-6E88-4685-B490-28DFB487DCFA}.Debug|Any CPU.Build.0 = Debug|Any CPU
		{10C5B668-6E88-4685-B490-28DFB487DCFA}.Release|Any CPU.ActiveCfg = Release|Any CPU
		{10C5B668-6E88-4685-B490-28DFB487DCFA}.Release|Any CPU.Build.0 = Release|Any CPU
		{C35491DE-88C9-D861-FBE3-E095B8C8CF9E}.Debug|Any CPU.ActiveCfg = Debug|Any CPU
		{C35491DE-88C9-D861-FBE3-E095B8C8CF9E}.Debug|Any CPU.Build.0 = Debug|Any CPU
		{C35491DE-88C9-D861-FBE3-E095B8C8CF9E}.Release|Any CPU.ActiveCfg = Release|Any CPU
		{C35491DE-88C9-D861-FBE3-E095B8C8CF9E}.Release|Any CPU.Build.0 = Release|Any CPU
		{B295BAAD-D48D-19DD-4B62-AC5DF9E1B5A5}.Debug|Any CPU.ActiveCfg = Debug|Any CPU
		{B295BAAD-D48D-19DD-4B62-AC5DF9E1B5A5}.Debug|Any CPU.Build.0 = Debug|Any CPU
		{B295BAAD-D48D-19DD-4B62-AC5DF9E1B5A5}.Release|Any CPU.ActiveCfg = Release|Any CPU
		{B295BAAD-D48D-19DD-4B62-AC5DF9E1B5A5}.Release|Any CPU.Build.0 = Release|Any CPU
		{E8757E5A-0323-6134-A31F-2B7EAEC59423}.Debug|Any CPU.ActiveCfg = Debug|Any CPU
		{E8757E5A-0323-6134-A31F-2B7EAEC59423}.Debug|Any CPU.Build.0 = Debug|Any CPU
		{E8757E5A-0323-6134-A31F-2B7EAEC59423}.Release|Any CPU.ActiveCfg = Release|Any CPU
		{E8757E5A-0323-6134-A31F-2B7EAEC59423}.Release|Any CPU.Build.0 = Release|Any CPU
		{86BF650C-8388-DAD1-B5E1-82DD2543973D}.Debug|Any CPU.ActiveCfg = Debug|Any CPU
		{86BF650C-8388-DAD1-B5E1-82DD2543973D}.Debug|Any CPU.Build.0 = Debug|Any CPU
		{86BF650C-8388-DAD1-B5E1-82DD2543973D}.Release|Any CPU.ActiveCfg = Release|Any CPU
		{86BF650C-8388-DAD1-B5E1-82DD2543973D}.Release|Any CPU.Build.0 = Release|Any CPU
		{381F5AE8-031E-1BBF-55B5-38F13FEDF7D0}.Debug|Any CPU.ActiveCfg = Debug|Any CPU
		{381F5AE8-031E-1BBF-55B5-38F13FEDF7D0}.Debug|Any CPU.Build.0 = Debug|Any CPU
		{381F5AE8-031E-1BBF-55B5-38F13FEDF7D0}.Release|Any CPU.ActiveCfg = Release|Any CPU
		{381F5AE8-031E-1BBF-55B5-38F13FEDF7D0}.Release|Any CPU.Build.0 = Release|Any CPU
		{6CAEFC39-6FDB-8A16-1BE9-26E6D1625D20}.Debug|Any CPU.ActiveCfg = Debug|Any CPU
		{6CAEFC39-6FDB-8A16-1BE9-26E6D1625D20}.Debug|Any CPU.Build.0 = Debug|Any CPU
		{6CAEFC39-6FDB-8A16-1BE9-26E6D1625D20}.Release|Any CPU.ActiveCfg = Release|Any CPU
		{6CAEFC39-6FDB-8A16-1BE9-26E6D1625D20}.Release|Any CPU.Build.0 = Release|Any CPU
		{FF5CAE0B-BDBF-8EA0-1F39-5574B803F5B2}.Debug|Any CPU.ActiveCfg = Debug|Any CPU
		{FF5CAE0B-BDBF-8EA0-1F39-5574B803F5B2}.Debug|Any CPU.Build.0 = Debug|Any CPU
		{FF5CAE0B-BDBF-8EA0-1F39-5574B803F5B2}.Release|Any CPU.ActiveCfg = Release|Any CPU
		{FF5CAE0B-BDBF-8EA0-1F39-5574B803F5B2}.Release|Any CPU.Build.0 = Release|Any CPU
		{B3819A19-3DB6-6D5E-DE02-8604C7F10C02}.Debug|Any CPU.ActiveCfg = Debug|Any CPU
		{B3819A19-3DB6-6D5E-DE02-8604C7F10C02}.Debug|Any CPU.Build.0 = Debug|Any CPU
		{B3819A19-3DB6-6D5E-DE02-8604C7F10C02}.Release|Any CPU.ActiveCfg = Release|Any CPU
		{B3819A19-3DB6-6D5E-DE02-8604C7F10C02}.Release|Any CPU.Build.0 = Release|Any CPU
		{13DFBAED-3DD7-02BD-25DD-376F7F87C916}.Debug|Any CPU.ActiveCfg = Debug|Any CPU
		{13DFBAED-3DD7-02BD-25DD-376F7F87C916}.Debug|Any CPU.Build.0 = Debug|Any CPU
		{13DFBAED-3DD7-02BD-25DD-376F7F87C916}.Release|Any CPU.ActiveCfg = Release|Any CPU
		{13DFBAED-3DD7-02BD-25DD-376F7F87C916}.Release|Any CPU.Build.0 = Release|Any CPU
		{E9F4E640-7581-9FD4-1DAB-A0D96E3A66AF}.Debug|Any CPU.ActiveCfg = Debug|Any CPU
		{E9F4E640-7581-9FD4-1DAB-A0D96E3A66AF}.Debug|Any CPU.Build.0 = Debug|Any CPU
		{E9F4E640-7581-9FD4-1DAB-A0D96E3A66AF}.Release|Any CPU.ActiveCfg = Release|Any CPU
		{E9F4E640-7581-9FD4-1DAB-A0D96E3A66AF}.Release|Any CPU.Build.0 = Release|Any CPU
		{00DB0CE2-ADBE-0E64-FEF4-C0C3463CFC33}.Debug|Any CPU.ActiveCfg = Debug|Any CPU
		{00DB0CE2-ADBE-0E64-FEF4-C0C3463CFC33}.Debug|Any CPU.Build.0 = Debug|Any CPU
		{00DB0CE2-ADBE-0E64-FEF4-C0C3463CFC33}.Release|Any CPU.ActiveCfg = Release|Any CPU
		{00DB0CE2-ADBE-0E64-FEF4-C0C3463CFC33}.Release|Any CPU.Build.0 = Release|Any CPU
		{46585A52-034D-2659-9B58-A17DE9D24A5A}.Debug|Any CPU.ActiveCfg = Debug|Any CPU
		{46585A52-034D-2659-9B58-A17DE9D24A5A}.Debug|Any CPU.Build.0 = Debug|Any CPU
		{46585A52-034D-2659-9B58-A17DE9D24A5A}.Release|Any CPU.ActiveCfg = Release|Any CPU
		{46585A52-034D-2659-9B58-A17DE9D24A5A}.Release|Any CPU.Build.0 = Release|Any CPU
		{B60397D3-F8F3-C3C8-E564-2A463D4E23C0}.Debug|Any CPU.ActiveCfg = Debug|Any CPU
		{B60397D3-F8F3-C3C8-E564-2A463D4E23C0}.Debug|Any CPU.Build.0 = Debug|Any CPU
		{B60397D3-F8F3-C3C8-E564-2A463D4E23C0}.Release|Any CPU.ActiveCfg = Release|Any CPU
		{B60397D3-F8F3-C3C8-E564-2A463D4E23C0}.Release|Any CPU.Build.0 = Release|Any CPU
	EndGlobalSection
	GlobalSection(SolutionProperties) = preSolution
		HideSolutionNode = FALSE
	EndGlobalSection
EndGlobal
